// !$*UTF8*$!
{
	archiveVersion = 1;
	classes = {
	};
	objectVersion = 56;
	objects = {

/* Begin PBXBuildFile section */
		799A15962A53A8E800580A45 /* LongGoalsController.swift in Sources */ = {isa = PBXBuildFile; fileRef = 799A15952A53A8E800580A45 /* LongGoalsController.swift */; };
		799A15982A53AE6000580A45 /* DevidedGoalController.swift in Sources */ = {isa = PBXBuildFile; fileRef = 799A15972A53AE6000580A45 /* DevidedGoalController.swift */; };
		799A159A2A56608800580A45 /* AchievedController.swift in Sources */ = {isa = PBXBuildFile; fileRef = 799A15992A56608800580A45 /* AchievedController.swift */; };
		799A159D2A59039F00580A45 /* ProgressBarStyler.swift in Sources */ = {isa = PBXBuildFile; fileRef = 799A159C2A59039F00580A45 /* ProgressBarStyler.swift */; };
		799A15C12A64D1B900580A45 /* ButtonEffects.swift in Sources */ = {isa = PBXBuildFile; fileRef = 799A15C02A64D1B900580A45 /* ButtonEffects.swift */; };
		79CAF7BD2AC893BF00A2111A /* CustomTableViewCell.swift in Sources */ = {isa = PBXBuildFile; fileRef = 79CAF7BB2AC893BF00A2111A /* CustomTableViewCell.swift */; };
		79CAF7BE2AC893BF00A2111A /* CustomTableViewCell.xib in Resources */ = {isa = PBXBuildFile; fileRef = 79CAF7BC2AC893BF00A2111A /* CustomTableViewCell.xib */; };
		79CAF7C42ACB172600A2111A /* Itim-Regular.ttf in Resources */ = {isa = PBXBuildFile; fileRef = 79CAF7C32ACB172600A2111A /* Itim-Regular.ttf */; };
		79CAF7C62ACB185600A2111A /* IndieFlower-Regular.ttf in Resources */ = {isa = PBXBuildFile; fileRef = 79CAF7C52ACB185600A2111A /* IndieFlower-Regular.ttf */; };
		79D2BD502A4522B600A2181F /* AppDelegate.swift in Sources */ = {isa = PBXBuildFile; fileRef = 79D2BD4F2A4522B600A2181F /* AppDelegate.swift */; };
		79D2BD522A4522B600A2181F /* SceneDelegate.swift in Sources */ = {isa = PBXBuildFile; fileRef = 79D2BD512A4522B600A2181F /* SceneDelegate.swift */; };
		79D2BD542A4522B600A2181F /* FirstScreenController.swift in Sources */ = {isa = PBXBuildFile; fileRef = 79D2BD532A4522B600A2181F /* FirstScreenController.swift */; };
		79D2BD572A4522B600A2181F /* Main.storyboard in Resources */ = {isa = PBXBuildFile; fileRef = 79D2BD552A4522B600A2181F /* Main.storyboard */; };
		79D2BD592A4522B700A2181F /* Assets.xcassets in Resources */ = {isa = PBXBuildFile; fileRef = 79D2BD582A4522B700A2181F /* Assets.xcassets */; };
		79D2BD5C2A4522B700A2181F /* LaunchScreen.storyboard in Resources */ = {isa = PBXBuildFile; fileRef = 79D2BD5A2A4522B700A2181F /* LaunchScreen.storyboard */; };
		79D2BD692A46717500A2181F /* ShortGoalsController.swift in Sources */ = {isa = PBXBuildFile; fileRef = 79D2BD682A46717500A2181F /* ShortGoalsController.swift */; };
		79D2BD992A4A5F2F00A2181F /* DataModel.xcdatamodeld in Sources */ = {isa = PBXBuildFile; fileRef = 79D2BD972A4A5F2F00A2181F /* DataModel.xcdatamodeld */; };
/* End PBXBuildFile section */

/* Begin PBXFileReference section */
		2A281B7BCDE83CDF9775BC48 /* Pods-Purpose setter.release.xcconfig */ = {isa = PBXFileReference; includeInIndex = 1; lastKnownFileType = text.xcconfig; name = "Pods-Purpose setter.release.xcconfig"; path = "Target Support Files/Pods-Purpose setter/Pods-Purpose setter.release.xcconfig"; sourceTree = "<group>"; };
		799A15952A53A8E800580A45 /* LongGoalsController.swift */ = {isa = PBXFileReference; lastKnownFileType = sourcecode.swift; path = LongGoalsController.swift; sourceTree = "<group>"; };
		799A15972A53AE6000580A45 /* DevidedGoalController.swift */ = {isa = PBXFileReference; lastKnownFileType = sourcecode.swift; path = DevidedGoalController.swift; sourceTree = "<group>"; };
		799A15992A56608800580A45 /* AchievedController.swift */ = {isa = PBXFileReference; lastKnownFileType = sourcecode.swift; path = AchievedController.swift; sourceTree = "<group>"; };
		799A159C2A59039F00580A45 /* ProgressBarStyler.swift */ = {isa = PBXFileReference; lastKnownFileType = sourcecode.swift; path = ProgressBarStyler.swift; sourceTree = "<group>"; };
		799A15B22A5A421600580A45 /* Purpose setter copy-Info.plist */ = {isa = PBXFileReference; lastKnownFileType = text.plist.xml; name = "Purpose setter copy-Info.plist"; path = "/Users/kruchman/Documents/Swift/My projects/Purpose setter/Purpose setter copy-Info.plist"; sourceTree = "<absolute>"; };
		799A15C02A64D1B900580A45 /* ButtonEffects.swift */ = {isa = PBXFileReference; lastKnownFileType = sourcecode.swift; path = ButtonEffects.swift; sourceTree = "<group>"; };
		79CAF7BB2AC893BF00A2111A /* CustomTableViewCell.swift */ = {isa = PBXFileReference; lastKnownFileType = sourcecode.swift; path = CustomTableViewCell.swift; sourceTree = "<group>"; };
		79CAF7BC2AC893BF00A2111A /* CustomTableViewCell.xib */ = {isa = PBXFileReference; lastKnownFileType = file.xib; path = CustomTableViewCell.xib; sourceTree = "<group>"; };
		79CAF7C32ACB172600A2111A /* Itim-Regular.ttf */ = {isa = PBXFileReference; lastKnownFileType = file; path = "Itim-Regular.ttf"; sourceTree = "<group>"; };
		79CAF7C52ACB185600A2111A /* IndieFlower-Regular.ttf */ = {isa = PBXFileReference; lastKnownFileType = file; path = "IndieFlower-Regular.ttf"; sourceTree = "<group>"; };
		79D2BD4C2A4522B600A2181F /* Purpose setter.app */ = {isa = PBXFileReference; explicitFileType = wrapper.application; includeInIndex = 0; path = "Purpose setter.app"; sourceTree = BUILT_PRODUCTS_DIR; };
		79D2BD4F2A4522B600A2181F /* AppDelegate.swift */ = {isa = PBXFileReference; lastKnownFileType = sourcecode.swift; path = AppDelegate.swift; sourceTree = "<group>"; };
		79D2BD512A4522B600A2181F /* SceneDelegate.swift */ = {isa = PBXFileReference; lastKnownFileType = sourcecode.swift; path = SceneDelegate.swift; sourceTree = "<group>"; };
		79D2BD532A4522B600A2181F /* FirstScreenController.swift */ = {isa = PBXFileReference; lastKnownFileType = sourcecode.swift; path = FirstScreenController.swift; sourceTree = "<group>"; };
		79D2BD562A4522B600A2181F /* Base */ = {isa = PBXFileReference; lastKnownFileType = file.storyboard; name = Base; path = Base.lproj/Main.storyboard; sourceTree = "<group>"; };
		79D2BD582A4522B700A2181F /* Assets.xcassets */ = {isa = PBXFileReference; lastKnownFileType = folder.assetcatalog; path = Assets.xcassets; sourceTree = "<group>"; };
		79D2BD5B2A4522B700A2181F /* Base */ = {isa = PBXFileReference; lastKnownFileType = file.storyboard; name = Base; path = Base.lproj/LaunchScreen.storyboard; sourceTree = "<group>"; };
		79D2BD5D2A4522B700A2181F /* Info.plist */ = {isa = PBXFileReference; lastKnownFileType = text.plist.xml; path = Info.plist; sourceTree = "<group>"; };
		79D2BD682A46717500A2181F /* ShortGoalsController.swift */ = {isa = PBXFileReference; lastKnownFileType = sourcecode.swift; path = ShortGoalsController.swift; sourceTree = "<group>"; };
		79D2BD982A4A5F2F00A2181F /* DataModel.xcdatamodel */ = {isa = PBXFileReference; lastKnownFileType = wrapper.xcdatamodel; path = DataModel.xcdatamodel; sourceTree = "<group>"; };
		7B3655A5F45406D98940E023 /* Pods-Purpose setter.debug.xcconfig */ = {isa = PBXFileReference; includeInIndex = 1; lastKnownFileType = text.xcconfig; name = "Pods-Purpose setter.debug.xcconfig"; path = "Target Support Files/Pods-Purpose setter/Pods-Purpose setter.debug.xcconfig"; sourceTree = "<group>"; };
/* End PBXFileReference section */

/* Begin PBXFrameworksBuildPhase section */
		79D2BD492A4522B600A2181F /* Frameworks */ = {
			isa = PBXFrameworksBuildPhase;
			buildActionMask = 2147483647;
			files = (
			);
			runOnlyForDeploymentPostprocessing = 0;
		};
/* End PBXFrameworksBuildPhase section */

/* Begin PBXGroup section */
		247502CF6BD3DF438ED70754 /* Pods */ = {
			isa = PBXGroup;
			children = (
				7B3655A5F45406D98940E023 /* Pods-Purpose setter.debug.xcconfig */,
				2A281B7BCDE83CDF9775BC48 /* Pods-Purpose setter.release.xcconfig */,
			);
			path = Pods;
			sourceTree = "<group>";
		};
		799A159B2A59037000580A45 /* Views */ = {
			isa = PBXGroup;
			children = (
				79D2BD552A4522B600A2181F /* Main.storyboard */,
				799A159C2A59039F00580A45 /* ProgressBarStyler.swift */,
				799A15C02A64D1B900580A45 /* ButtonEffects.swift */,
				79CAF7BB2AC893BF00A2111A /* CustomTableViewCell.swift */,
				79CAF7BC2AC893BF00A2111A /* CustomTableViewCell.xib */,
			);
			path = Views;
			sourceTree = "<group>";
		};
		79CAF7C12ACB16F700A2111A /* Utilities */ = {
			isa = PBXGroup;
			children = (
				79CAF7C22ACB170E00A2111A /* Fonts */,
				79D2BD582A4522B700A2181F /* Assets.xcassets */,
			);
			path = Utilities;
			sourceTree = "<group>";
		};
		79CAF7C22ACB170E00A2111A /* Fonts */ = {
			isa = PBXGroup;
			children = (
				79CAF7C52ACB185600A2111A /* IndieFlower-Regular.ttf */,
				79CAF7C32ACB172600A2111A /* Itim-Regular.ttf */,
			);
			path = Fonts;
			sourceTree = "<group>";
		};
		79D2BD432A4522B600A2181F = {
			isa = PBXGroup;
			children = (
				79D2BD4E2A4522B600A2181F /* Purpose setter */,
				79D2BD4D2A4522B600A2181F /* Products */,
				247502CF6BD3DF438ED70754 /* Pods */,
			);
			sourceTree = "<group>";
		};
		79D2BD4D2A4522B600A2181F /* Products */ = {
			isa = PBXGroup;
			children = (
				79D2BD4C2A4522B600A2181F /* Purpose setter.app */,
			);
			name = Products;
			sourceTree = "<group>";
		};
		79D2BD4E2A4522B600A2181F /* Purpose setter */ = {
			isa = PBXGroup;
			children = (
				79D2BD5D2A4522B700A2181F /* Info.plist */,
				799A15B22A5A421600580A45 /* Purpose setter copy-Info.plist */,
				79D2BD4F2A4522B600A2181F /* AppDelegate.swift */,
				79D2BD512A4522B600A2181F /* SceneDelegate.swift */,
				79D2BD962A4A5F0B00A2181F /* Data Model */,
				799A159B2A59037000580A45 /* Views */,
				79D2BD632A4524CB00A2181F /* Controllers */,
				79CAF7C12ACB16F700A2111A /* Utilities */,
				79D2BD5A2A4522B700A2181F /* LaunchScreen.storyboard */,
			);
			path = "Purpose setter";
			sourceTree = "<group>";
		};
		79D2BD632A4524CB00A2181F /* Controllers */ = {
			isa = PBXGroup;
			children = (
				79D2BD532A4522B600A2181F /* FirstScreenController.swift */,
				79D2BD682A46717500A2181F /* ShortGoalsController.swift */,
				799A15952A53A8E800580A45 /* LongGoalsController.swift */,
				799A15972A53AE6000580A45 /* DevidedGoalController.swift */,
				799A15992A56608800580A45 /* AchievedController.swift */,
			);
			path = Controllers;
			sourceTree = "<group>";
		};
		79D2BD962A4A5F0B00A2181F /* Data Model */ = {
			isa = PBXGroup;
			children = (
				79D2BD972A4A5F2F00A2181F /* DataModel.xcdatamodeld */,
			);
			path = "Data Model";
			sourceTree = "<group>";
		};
/* End PBXGroup section */

/* Begin PBXNativeTarget section */
		79D2BD4B2A4522B600A2181F /* Purpose setter */ = {
			isa = PBXNativeTarget;
			buildConfigurationList = 79D2BD602A4522B700A2181F /* Build configuration list for PBXNativeTarget "Purpose setter" */;
			buildPhases = (
				8F5AB5295C18C7590CA612CC /* [CP] Check Pods Manifest.lock */,
				79D2BD482A4522B600A2181F /* Sources */,
				79D2BD492A4522B600A2181F /* Frameworks */,
				79D2BD4A2A4522B600A2181F /* Resources */,
				81DED6329E7E4EB3008E7ECF /* [CP] Copy Pods Resources */,
			);
			buildRules = (
			);
			dependencies = (
			);
			name = "Purpose setter";
			productName = "Purpose setter";
			productReference = 79D2BD4C2A4522B600A2181F /* Purpose setter.app */;
			productType = "com.apple.product-type.application";
		};
/* End PBXNativeTarget section */

/* Begin PBXProject section */
		79D2BD442A4522B600A2181F /* Project object */ = {
			isa = PBXProject;
			attributes = {
				BuildIndependentTargetsInParallel = 1;
				LastSwiftUpdateCheck = 1430;
				LastUpgradeCheck = 1430;
				TargetAttributes = {
					79D2BD4B2A4522B600A2181F = {
						CreatedOnToolsVersion = 14.3.1;
					};
				};
			};
			buildConfigurationList = 79D2BD472A4522B600A2181F /* Build configuration list for PBXProject "Purpose setter" */;
			compatibilityVersion = "Xcode 14.0";
			developmentRegion = en;
			hasScannedForEncodings = 0;
			knownRegions = (
				en,
				Base,
			);
			mainGroup = 79D2BD432A4522B600A2181F;
			productRefGroup = 79D2BD4D2A4522B600A2181F /* Products */;
			projectDirPath = "";
			projectRoot = "";
			targets = (
				79D2BD4B2A4522B600A2181F /* Purpose setter */,
			);
		};
/* End PBXProject section */

/* Begin PBXResourcesBuildPhase section */
		79D2BD4A2A4522B600A2181F /* Resources */ = {
			isa = PBXResourcesBuildPhase;
			buildActionMask = 2147483647;
			files = (
				79CAF7C62ACB185600A2111A /* IndieFlower-Regular.ttf in Resources */,
				79CAF7C42ACB172600A2111A /* Itim-Regular.ttf in Resources */,
				79D2BD5C2A4522B700A2181F /* LaunchScreen.storyboard in Resources */,
				79D2BD592A4522B700A2181F /* Assets.xcassets in Resources */,
				79CAF7BE2AC893BF00A2111A /* CustomTableViewCell.xib in Resources */,
				79D2BD572A4522B600A2181F /* Main.storyboard in Resources */,
			);
			runOnlyForDeploymentPostprocessing = 0;
		};
/* End PBXResourcesBuildPhase section */

/* Begin PBXShellScriptBuildPhase section */
		81DED6329E7E4EB3008E7ECF /* [CP] Copy Pods Resources */ = {
			isa = PBXShellScriptBuildPhase;
			buildActionMask = 2147483647;
			files = (
			);
			inputFileListPaths = (
				"${PODS_ROOT}/Target Support Files/Pods-Purpose setter/Pods-Purpose setter-resources-${CONFIGURATION}-input-files.xcfilelist",
			);
			name = "[CP] Copy Pods Resources";
			outputFileListPaths = (
				"${PODS_ROOT}/Target Support Files/Pods-Purpose setter/Pods-Purpose setter-resources-${CONFIGURATION}-output-files.xcfilelist",
			);
			runOnlyForDeploymentPostprocessing = 0;
			shellPath = /bin/sh;
			shellScript = "\"${PODS_ROOT}/Target Support Files/Pods-Purpose setter/Pods-Purpose setter-resources.sh\"\n";
			showEnvVarsInLog = 0;
		};
		8F5AB5295C18C7590CA612CC /* [CP] Check Pods Manifest.lock */ = {
			isa = PBXShellScriptBuildPhase;
			buildActionMask = 2147483647;
			files = (
			);
			inputFileListPaths = (
			);
			inputPaths = (
				"${PODS_PODFILE_DIR_PATH}/Podfile.lock",
				"${PODS_ROOT}/Manifest.lock",
			);
			name = "[CP] Check Pods Manifest.lock";
			outputFileListPaths = (
			);
			outputPaths = (
				"$(DERIVED_FILE_DIR)/Pods-Purpose setter-checkManifestLockResult.txt",
			);
			runOnlyForDeploymentPostprocessing = 0;
			shellPath = /bin/sh;
			shellScript = "diff \"${PODS_PODFILE_DIR_PATH}/Podfile.lock\" \"${PODS_ROOT}/Manifest.lock\" > /dev/null\nif [ $? != 0 ] ; then\n    # print error to STDERR\n    echo \"error: The sandbox is not in sync with the Podfile.lock. Run 'pod install' or update your CocoaPods installation.\" >&2\n    exit 1\nfi\n# This output is used by Xcode 'outputs' to avoid re-running this script phase.\necho \"SUCCESS\" > \"${SCRIPT_OUTPUT_FILE_0}\"\n";
			showEnvVarsInLog = 0;
		};
/* End PBXShellScriptBuildPhase section */

/* Begin PBXSourcesBuildPhase section */
		79D2BD482A4522B600A2181F /* Sources */ = {
			isa = PBXSourcesBuildPhase;
			buildActionMask = 2147483647;
			files = (
				799A159A2A56608800580A45 /* AchievedController.swift in Sources */,
				79D2BD542A4522B600A2181F /* FirstScreenController.swift in Sources */,
				79CAF7BD2AC893BF00A2111A /* CustomTableViewCell.swift in Sources */,
				799A15982A53AE6000580A45 /* DevidedGoalController.swift in Sources */,
				799A15C12A64D1B900580A45 /* ButtonEffects.swift in Sources */,
				799A15962A53A8E800580A45 /* LongGoalsController.swift in Sources */,
				79D2BD992A4A5F2F00A2181F /* DataModel.xcdatamodeld in Sources */,
				79D2BD502A4522B600A2181F /* AppDelegate.swift in Sources */,
				799A159D2A59039F00580A45 /* ProgressBarStyler.swift in Sources */,
				79D2BD522A4522B600A2181F /* SceneDelegate.swift in Sources */,
				79D2BD692A46717500A2181F /* ShortGoalsController.swift in Sources */,
			);
			runOnlyForDeploymentPostprocessing = 0;
		};
/* End PBXSourcesBuildPhase section */

/* Begin PBXVariantGroup section */
		79D2BD552A4522B600A2181F /* Main.storyboard */ = {
			isa = PBXVariantGroup;
			children = (
				79D2BD562A4522B600A2181F /* Base */,
			);
			name = Main.storyboard;
			sourceTree = "<group>";
		};
		79D2BD5A2A4522B700A2181F /* LaunchScreen.storyboard */ = {
			isa = PBXVariantGroup;
			children = (
				79D2BD5B2A4522B700A2181F /* Base */,
			);
			name = LaunchScreen.storyboard;
			sourceTree = "<group>";
		};
/* End PBXVariantGroup section */

/* Begin XCBuildConfiguration section */
		79D2BD5E2A4522B700A2181F /* Debug */ = {
			isa = XCBuildConfiguration;
			buildSettings = {
				ALWAYS_SEARCH_USER_PATHS = NO;
				CLANG_ANALYZER_NONNULL = YES;
				CLANG_ANALYZER_NUMBER_OBJECT_CONVERSION = YES_AGGRESSIVE;
				CLANG_CXX_LANGUAGE_STANDARD = "gnu++20";
				CLANG_ENABLE_MODULES = YES;
				CLANG_ENABLE_OBJC_ARC = YES;
				CLANG_ENABLE_OBJC_WEAK = YES;
				CLANG_WARN_BLOCK_CAPTURE_AUTORELEASING = YES;
				CLANG_WARN_BOOL_CONVERSION = YES;
				CLANG_WARN_COMMA = YES;
				CLANG_WARN_CONSTANT_CONVERSION = YES;
				CLANG_WARN_DEPRECATED_OBJC_IMPLEMENTATIONS = YES;
				CLANG_WARN_DIRECT_OBJC_ISA_USAGE = YES_ERROR;
				CLANG_WARN_DOCUMENTATION_COMMENTS = YES;
				CLANG_WARN_EMPTY_BODY = YES;
				CLANG_WARN_ENUM_CONVERSION = YES;
				CLANG_WARN_INFINITE_RECURSION = YES;
				CLANG_WARN_INT_CONVERSION = YES;
				CLANG_WARN_NON_LITERAL_NULL_CONVERSION = YES;
				CLANG_WARN_OBJC_IMPLICIT_RETAIN_SELF = YES;
				CLANG_WARN_OBJC_LITERAL_CONVERSION = YES;
				CLANG_WARN_OBJC_ROOT_CLASS = YES_ERROR;
				CLANG_WARN_QUOTED_INCLUDE_IN_FRAMEWORK_HEADER = YES;
				CLANG_WARN_RANGE_LOOP_ANALYSIS = YES;
				CLANG_WARN_STRICT_PROTOTYPES = YES;
				CLANG_WARN_SUSPICIOUS_MOVE = YES;
				CLANG_WARN_UNGUARDED_AVAILABILITY = YES_AGGRESSIVE;
				CLANG_WARN_UNREACHABLE_CODE = YES;
				CLANG_WARN__DUPLICATE_METHOD_MATCH = YES;
				COPY_PHASE_STRIP = NO;
				DEBUG_INFORMATION_FORMAT = dwarf;
				ENABLE_STRICT_OBJC_MSGSEND = YES;
				ENABLE_TESTABILITY = YES;
				GCC_C_LANGUAGE_STANDARD = gnu11;
				GCC_DYNAMIC_NO_PIC = NO;
				GCC_NO_COMMON_BLOCKS = YES;
				GCC_OPTIMIZATION_LEVEL = 0;
				GCC_PREPROCESSOR_DEFINITIONS = (
					"DEBUG=1",
					"$(inherited)",
				);
				GCC_WARN_64_TO_32_BIT_CONVERSION = YES;
				GCC_WARN_ABOUT_RETURN_TYPE = YES_ERROR;
				GCC_WARN_UNDECLARED_SELECTOR = YES;
				GCC_WARN_UNINITIALIZED_AUTOS = YES_AGGRESSIVE;
				GCC_WARN_UNUSED_FUNCTION = YES;
				GCC_WARN_UNUSED_VARIABLE = YES;
				IPHONEOS_DEPLOYMENT_TARGET = 16.4;
				MTL_ENABLE_DEBUG_INFO = INCLUDE_SOURCE;
				MTL_FAST_MATH = YES;
				ONLY_ACTIVE_ARCH = YES;
				SDKROOT = iphoneos;
				SWIFT_ACTIVE_COMPILATION_CONDITIONS = DEBUG;
				SWIFT_OPTIMIZATION_LEVEL = "-Onone";
			};
			name = Debug;
		};
		79D2BD5F2A4522B700A2181F /* Release */ = {
			isa = XCBuildConfiguration;
			buildSettings = {
				ALWAYS_SEARCH_USER_PATHS = NO;
				CLANG_ANALYZER_NONNULL = YES;
				CLANG_ANALYZER_NUMBER_OBJECT_CONVERSION = YES_AGGRESSIVE;
				CLANG_CXX_LANGUAGE_STANDARD = "gnu++20";
				CLANG_ENABLE_MODULES = YES;
				CLANG_ENABLE_OBJC_ARC = YES;
				CLANG_ENABLE_OBJC_WEAK = YES;
				CLANG_WARN_BLOCK_CAPTURE_AUTORELEASING = YES;
				CLANG_WARN_BOOL_CONVERSION = YES;
				CLANG_WARN_COMMA = YES;
				CLANG_WARN_CONSTANT_CONVERSION = YES;
				CLANG_WARN_DEPRECATED_OBJC_IMPLEMENTATIONS = YES;
				CLANG_WARN_DIRECT_OBJC_ISA_USAGE = YES_ERROR;
				CLANG_WARN_DOCUMENTATION_COMMENTS = YES;
				CLANG_WARN_EMPTY_BODY = YES;
				CLANG_WARN_ENUM_CONVERSION = YES;
				CLANG_WARN_INFINITE_RECURSION = YES;
				CLANG_WARN_INT_CONVERSION = YES;
				CLANG_WARN_NON_LITERAL_NULL_CONVERSION = YES;
				CLANG_WARN_OBJC_IMPLICIT_RETAIN_SELF = YES;
				CLANG_WARN_OBJC_LITERAL_CONVERSION = YES;
				CLANG_WARN_OBJC_ROOT_CLASS = YES_ERROR;
				CLANG_WARN_QUOTED_INCLUDE_IN_FRAMEWORK_HEADER = YES;
				CLANG_WARN_RANGE_LOOP_ANALYSIS = YES;
				CLANG_WARN_STRICT_PROTOTYPES = YES;
				CLANG_WARN_SUSPICIOUS_MOVE = YES;
				CLANG_WARN_UNGUARDED_AVAILABILITY = YES_AGGRESSIVE;
				CLANG_WARN_UNREACHABLE_CODE = YES;
				CLANG_WARN__DUPLICATE_METHOD_MATCH = YES;
				COPY_PHASE_STRIP = NO;
				DEBUG_INFORMATION_FORMAT = "dwarf-with-dsym";
				ENABLE_NS_ASSERTIONS = NO;
				ENABLE_STRICT_OBJC_MSGSEND = YES;
				GCC_C_LANGUAGE_STANDARD = gnu11;
				GCC_NO_COMMON_BLOCKS = YES;
				GCC_WARN_64_TO_32_BIT_CONVERSION = YES;
				GCC_WARN_ABOUT_RETURN_TYPE = YES_ERROR;
				GCC_WARN_UNDECLARED_SELECTOR = YES;
				GCC_WARN_UNINITIALIZED_AUTOS = YES_AGGRESSIVE;
				GCC_WARN_UNUSED_FUNCTION = YES;
				GCC_WARN_UNUSED_VARIABLE = YES;
				IPHONEOS_DEPLOYMENT_TARGET = 16.4;
				MTL_ENABLE_DEBUG_INFO = NO;
				MTL_FAST_MATH = YES;
				SDKROOT = iphoneos;
				SWIFT_COMPILATION_MODE = wholemodule;
				SWIFT_OPTIMIZATION_LEVEL = "-O";
				VALIDATE_PRODUCT = YES;
			};
			name = Release;
		};
		79D2BD612A4522B700A2181F /* Debug */ = {
			isa = XCBuildConfiguration;
			baseConfigurationReference = 7B3655A5F45406D98940E023 /* Pods-Purpose setter.debug.xcconfig */;
			buildSettings = {
				ASSETCATALOG_COMPILER_APPICON_NAME = AppIcon;
				ASSETCATALOG_COMPILER_GLOBAL_ACCENT_COLOR_NAME = AccentColor;
				CODE_SIGN_STYLE = Automatic;
				CURRENT_PROJECT_VERSION = 1;
				GENERATE_INFOPLIST_FILE = YES;
				INFOPLIST_FILE = "Purpose setter/Info.plist";
				INFOPLIST_KEY_UIApplicationSupportsIndirectInputEvents = YES;
				INFOPLIST_KEY_UILaunchStoryboardName = LaunchScreen;
				INFOPLIST_KEY_UIMainStoryboardFile = Main;
				INFOPLIST_KEY_UISupportedInterfaceOrientations_iPad = "UIInterfaceOrientationPortrait UIInterfaceOrientationPortraitUpsideDown UIInterfaceOrientationLandscapeLeft UIInterfaceOrientationLandscapeRight";
				INFOPLIST_KEY_UISupportedInterfaceOrientations_iPhone = "UIInterfaceOrientationPortrait UIInterfaceOrientationLandscapeLeft UIInterfaceOrientationLandscapeRight";
				IPHONEOS_DEPLOYMENT_TARGET = 13.0;
				LD_RUNPATH_SEARCH_PATHS = (
					"$(inherited)",
					"@executable_path/Frameworks",
				);
				MARKETING_VERSION = 1.0;
				PRODUCT_BUNDLE_IDENTIFIER = "ru.iuriikruchinin.Purpose-setter";
				PRODUCT_NAME = "$(TARGET_NAME)";
				SWIFT_EMIT_LOC_STRINGS = YES;
				SWIFT_VERSION = 5.0;
				TARGETED_DEVICE_FAMILY = "1,2";
			};
			name = Debug;
		};
		79D2BD622A4522B700A2181F /* Release */ = {
			isa = XCBuildConfiguration;
			baseConfigurationReference = 2A281B7BCDE83CDF9775BC48 /* Pods-Purpose setter.release.xcconfig */;
			buildSettings = {
				ASSETCATALOG_COMPILER_APPICON_NAME = AppIcon;
				ASSETCATALOG_COMPILER_GLOBAL_ACCENT_COLOR_NAME = AccentColor;
				CODE_SIGN_STYLE = Automatic;
				CURRENT_PROJECT_VERSION = 1;
				GENERATE_INFOPLIST_FILE = YES;
				INFOPLIST_FILE = "Purpose setter/Info.plist";
				INFOPLIST_KEY_UIApplicationSupportsIndirectInputEvents = YES;
				INFOPLIST_KEY_UILaunchStoryboardName = LaunchScreen;
				INFOPLIST_KEY_UIMainStoryboardFile = Main;
				INFOPLIST_KEY_UISupportedInterfaceOrientations_iPad = "UIInterfaceOrientationPortrait UIInterfaceOrientationPortraitUpsideDown UIInterfaceOrientationLandscapeLeft UIInterfaceOrientationLandscapeRight";
				INFOPLIST_KEY_UISupportedInterfaceOrientations_iPhone = "UIInterfaceOrientationPortrait UIInterfaceOrientationLandscapeLeft UIInterfaceOrientationLandscapeRight";
				IPHONEOS_DEPLOYMENT_TARGET = 13.0;
				LD_RUNPATH_SEARCH_PATHS = (
					"$(inherited)",
					"@executable_path/Frameworks",
				);
				MARKETING_VERSION = 1.0;
				PRODUCT_BUNDLE_IDENTIFIER = "ru.iuriikruchinin.Purpose-setter";
				PRODUCT_NAME = "$(TARGET_NAME)";
				SWIFT_EMIT_LOC_STRINGS = YES;
				SWIFT_VERSION = 5.0;
				TARGETED_DEVICE_FAMILY = "1,2";
			};
			name = Release;
		};
/* End XCBuildConfiguration section */

/* Begin XCConfigurationList section */
		79D2BD472A4522B600A2181F /* Build configuration list for PBXProject "Purpose setter" */ = {
			isa = XCConfigurationList;
			buildConfigurations = (
				79D2BD5E2A4522B700A2181F /* Debug */,
				79D2BD5F2A4522B700A2181F /* Release */,
			);
			defaultConfigurationIsVisible = 0;
			defaultConfigurationName = Release;
		};
		79D2BD602A4522B700A2181F /* Build configuration list for PBXNativeTarget "Purpose setter" */ = {
			isa = XCConfigurationList;
			buildConfigurations = (
				79D2BD612A4522B700A2181F /* Debug */,
				79D2BD622A4522B700A2181F /* Release */,
			);
			defaultConfigurationIsVisible = 0;
			defaultConfigurationName = Release;
		};
/* End XCConfigurationList section */

/* Begin XCVersionGroup section */
		79D2BD972A4A5F2F00A2181F /* DataModel.xcdatamodeld */ = {
			isa = XCVersionGroup;
			children = (
				79D2BD982A4A5F2F00A2181F /* DataModel.xcdatamodel */,
			);
			currentVersion = 79D2BD982A4A5F2F00A2181F /* DataModel.xcdatamodel */;
			path = DataModel.xcdatamodeld;
			sourceTree = "<group>";
			versionGroupType = wrapper.xcdatamodel;
		};
/* End XCVersionGroup section */
	};
	rootObject = 79D2BD442A4522B600A2181F /* Project object */;
}
